
Microsoft Visual Studio Solution File, Format Version 12.00
# Visual Studio Version 17
VisualStudioVersion = 17.2.32616.157
MinimumVisualStudioVersion = 10.0.40219.1
Project("{2150E333-8FDC-42A3-9474-1A3956D46DE8}") = "Src", "Src", "{251D637F-FB3B-4DB4-BF88-D6F4E5F5D9CF}"
EndProject
Project("{9A19103F-16F7-4668-BE54-9A1E7A4F7556}") = "TuyenDung.Data", "Src\TuyenDung.Data\TuyenDung.Data.csproj", "{27B0D9C8-A759-4723-9517-B144BEA9C72E}"
EndProject
Project("{9A19103F-16F7-4668-BE54-9A1E7A4F7556}") = "TuyenDung.Model", "Src\TuyenDung.Model\TuyenDung.Model.csproj", "{CE924070-E50A-4DFE-A9A9-B1754BF985F8}"
EndProject
Project("{9A19103F-16F7-4668-BE54-9A1E7A4F7556}") = "TuyenDung.Common", "Src\TuyenDung.Common\TuyenDung.Common.csproj", "{DCCA888E-7756-4E5F-B09C-354C5068009B}"
EndProject
Project("{9A19103F-16F7-4668-BE54-9A1E7A4F7556}") = "TuyenDung.Service", "Src\TuyenDung.Service\TuyenDung.Service.csproj", "{753FA190-7D0C-484D-A090-04F73864B875}"
EndProject
Project("{9A19103F-16F7-4668-BE54-9A1E7A4F7556}") = "TuyenDung.Api", "Src\TuyenDung.Api\TuyenDung.Api.csproj", "{27AEBF79-47B5-48FB-9D42-0EA073493A68}"
EndProject
Global
	GlobalSection(SolutionConfigurationPlatforms) = preSolution
		Debug|Any CPU = Debug|Any CPU
		Release|Any CPU = Release|Any CPU
	EndGlobalSection
	GlobalSection(ProjectConfigurationPlatforms) = postSolution
		{27B0D9C8-A759-4723-9517-B144BEA9C72E}.Debug|Any CPU.ActiveCfg = Debug|Any CPU
		{27B0D9C8-A759-4723-9517-B144BEA9C72E}.Debug|Any CPU.Build.0 = Debug|Any CPU
		{27B0D9C8-A759-4723-9517-B144BEA9C72E}.Release|Any CPU.ActiveCfg = Release|Any CPU
		{27B0D9C8-A759-4723-9517-B144BEA9C72E}.Release|Any CPU.Build.0 = Release|Any CPU
		{CE924070-E50A-4DFE-A9A9-B1754BF985F8}.Debug|Any CPU.ActiveCfg = Debug|Any CPU
		{CE924070-E50A-4DFE-A9A9-B1754BF985F8}.Debug|Any CPU.Build.0 = Debug|Any CPU
		{CE924070-E50A-4DFE-A9A9-B1754BF985F8}.Release|Any CPU.ActiveCfg = Release|Any CPU
		{CE924070-E50A-4DFE-A9A9-B1754BF985F8}.Release|Any CPU.Build.0 = Release|Any CPU
		{DCCA888E-7756-4E5F-B09C-354C5068009B}.Debug|Any CPU.ActiveCfg = Debug|Any CPU
		{DCCA888E-7756-4E5F-B09C-354C5068009B}.Debug|Any CPU.Build.0 = Debug|Any CPU
		{DCCA888E-7756-4E5F-B09C-354C5068009B}.Release|Any CPU.ActiveCfg = Release|Any CPU
		{DCCA888E-7756-4E5F-B09C-354C5068009B}.Release|Any CPU.Build.0 = Release|Any CPU
		{753FA190-7D0C-484D-A090-04F73864B875}.Debug|Any CPU.ActiveCfg = Debug|Any CPU
		{753FA190-7D0C-484D-A090-04F73864B875}.Debug|Any CPU.Build.0 = Debug|Any CPU
		{753FA190-7D0C-484D-A090-04F73864B875}.Release|Any CPU.ActiveCfg = Release|Any CPU
		{753FA190-7D0C-484D-A090-04F73864B875}.Release|Any CPU.Build.0 = Release|Any CPU
		{27AEBF79-47B5-48FB-9D42-0EA073493A68}.Debug|Any CPU.ActiveCfg = Debug|Any CPU
		{27AEBF79-47B5-48FB-9D42-0EA073493A68}.Debug|Any CPU.Build.0 = Debug|Any CPU
		{27AEBF79-47B5-48FB-9D42-0EA073493A68}.Release|Any CPU.ActiveCfg = Release|Any CPU
		{27AEBF79-47B5-48FB-9D42-0EA073493A68}.Release|Any CPU.Build.0 = Release|Any CPU
	EndGlobalSection
	GlobalSection(SolutionProperties) = preSolution
		HideSolutionNode = FALSE
	EndGlobalSection
	GlobalSection(NestedProjects) = preSolution
		{27B0D9C8-A759-4723-9517-B144BEA9C72E} = {251D637F-FB3B-4DB4-BF88-D6F4E5F5D9CF}
		{CE924070-E50A-4DFE-A9A9-B1754BF985F8} = {251D637F-FB3B-4DB4-BF88-D6F4E5F5D9CF}
		{DCCA888E-7756-4E5F-B09C-354C5068009B} = {251D637F-FB3B-4DB4-BF88-D6F4E5F5D9CF}
		{753FA190-7D0C-484D-A090-04F73864B875} = {251D637F-FB3B-4DB4-BF88-D6F4E5F5D9CF}
		{27AEBF79-47B5-48FB-9D42-0EA073493A68} = {251D637F-FB3B-4DB4-BF88-D6F4E5F5D9CF}
	EndGlobalSection
	GlobalSection(ExtensibilityGlobals) = postSolution
		SolutionGuid = {B32766AD-C815-4E10-8553-E297E049BD37}
	EndGlobalSection
EndGlobal
